PODS:
  - Alamofire (4.8.2)
  - Hero (1.4.0)
  - Kingfisher (5.4.0)
  - Magnetic (3.0.0)
  - Moya (12.0.1):
    - Moya/Core (= 12.0.1)
  - Moya-ObjectMapper (2.8):
    - Moya-ObjectMapper/Core (= 2.8)
  - Moya-ObjectMapper/Core (2.8):
    - Moya (~> 12.0)
    - ObjectMapper (~> 3.4)
  - Moya/Core (12.0.1):
    - Alamofire (~> 4.1)
    - Result (~> 4.0)
  - ObjectMapper (3.4.2)
  - Result (4.1.0)

DEPENDENCIES:
  - Hero
  - Kingfisher
  - Magnetic
  - Moya
  - Moya-ObjectMapper

SPEC REPOS:
  https://github.com/cocoapods/specs.git:
    - Alamofire
    - Hero
    - Kingfisher
    - Magnetic
    - Moya
    - Moya-ObjectMapper
    - ObjectMapper
    - Result

SPEC CHECKSUMS:
  Alamofire: ae5c501addb7afdbb13687d7f2f722c78734c2d3
  Hero: bac92350d7201a1a940003e0767c7b52ce7c99a1
  Kingfisher: 9c8f2cc6710334e06f32ba2b45e77707d5e2f0c9
  Magnetic: 58cb8c73dfe73f783ede7719b80202f90c94bdd9
  Moya: cf730b3cd9e005401ef37a85143aa141a12fd38f
  Moya-ObjectMapper: c514b5eafcfd5e260f85f7a5bf66895a217e2b37
  ObjectMapper: 0d4402610f4e468903ae64629eec4784531e5c51
  Result: bd966fac789cc6c1563440b348ab2598cc24d5c7

PODFILE CHECKSUM: 1af88ac19d774956635b77de55736368cda16d50

COCOAPODS: 1.5.3
