// !$*UTF8*$!
{
	archiveVersion = 1;
	classes = {
	};
	objectVersion = 51;
	objects = {

/* Begin PBXBuildFile section */
		16C65E130F3C49563696672D /* Pods_project_wave_iOS.framework in Frameworks */ = {isa = PBXBuildFile; fileRef = 5C3102486117ADB1223F7D89 /* Pods_project_wave_iOS.framework */; };
		57362A5422D77126003CB3CF /* wave_heart.json in Resources */ = {isa = PBXBuildFile; fileRef = 57362A5322D77126003CB3CF /* wave_heart.json */; };
		57362A5622D77159003CB3CF /* backgroundEffect.mp4 in Resources */ = {isa = PBXBuildFile; fileRef = 57362A5522D77159003CB3CF /* backgroundEffect.mp4 */; };
		574110E722C9F14800C8A0D6 /* AppDelegate.swift in Sources */ = {isa = PBXBuildFile; fileRef = 574110E622C9F14800C8A0D6 /* AppDelegate.swift */; };
		574110EE22C9F14800C8A0D6 /* Assets.xcassets in Resources */ = {isa = PBXBuildFile; fileRef = 574110ED22C9F14800C8A0D6 /* Assets.xcassets */; };
		574110F122C9F14800C8A0D6 /* LaunchScreen.storyboard in Resources */ = {isa = PBXBuildFile; fileRef = 574110EF22C9F14800C8A0D6 /* LaunchScreen.storyboard */; };
		5741110922C9F5FA00C8A0D6 /* Response.swift in Sources */ = {isa = PBXBuildFile; fileRef = 5741110822C9F5FA00C8A0D6 /* Response.swift */; };
		5741110C22C9F61500C8A0D6 /* WaveTargetType.swift in Sources */ = {isa = PBXBuildFile; fileRef = 5741110B22C9F61500C8A0D6 /* WaveTargetType.swift */; };
		5741111122C9F64100C8A0D6 /* Splash.storyboard in Resources */ = {isa = PBXBuildFile; fileRef = 5741111022C9F64100C8A0D6 /* Splash.storyboard */; };
		5741111322C9F68000C8A0D6 /* SplashViewController.swift in Sources */ = {isa = PBXBuildFile; fileRef = 5741111222C9F68000C8A0D6 /* SplashViewController.swift */; };
		5741111522C9F69600C8A0D6 /* Intro.storyboard in Resources */ = {isa = PBXBuildFile; fileRef = 5741111422C9F69600C8A0D6 /* Intro.storyboard */; };
		5741111722C9F6A200C8A0D6 /* IntroViewController.swift in Sources */ = {isa = PBXBuildFile; fileRef = 5741111622C9F6A200C8A0D6 /* IntroViewController.swift */; };
		5741111B22C9F6E300C8A0D6 /* Sign.storyboard in Resources */ = {isa = PBXBuildFile; fileRef = 5741111A22C9F6E300C8A0D6 /* Sign.storyboard */; };
		5741111D22C9F77B00C8A0D6 /* MainTab.storyboard in Resources */ = {isa = PBXBuildFile; fileRef = 5741111C22C9F77B00C8A0D6 /* MainTab.storyboard */; };
		5741111F22C9F7A900C8A0D6 /* MainTabBarController.swift in Sources */ = {isa = PBXBuildFile; fileRef = 5741111E22C9F7A900C8A0D6 /* MainTabBarController.swift */; };
		5741112122C9F7C100C8A0D6 /* Home.storyboard in Resources */ = {isa = PBXBuildFile; fileRef = 5741112022C9F7C100C8A0D6 /* Home.storyboard */; };
		5741112322C9F7DB00C8A0D6 /* HomeViewController.swift in Sources */ = {isa = PBXBuildFile; fileRef = 5741112222C9F7DB00C8A0D6 /* HomeViewController.swift */; };
		5741112522C9F7EB00C8A0D6 /* Assess.storyboard in Resources */ = {isa = PBXBuildFile; fileRef = 5741112422C9F7EB00C8A0D6 /* Assess.storyboard */; };
		5741112722C9F7FF00C8A0D6 /* AssessViewController.swift in Sources */ = {isa = PBXBuildFile; fileRef = 5741112622C9F7FF00C8A0D6 /* AssessViewController.swift */; };
		5741112922C9F81200C8A0D6 /* Search.storyboard in Resources */ = {isa = PBXBuildFile; fileRef = 5741112822C9F81200C8A0D6 /* Search.storyboard */; };
		5741112B22C9F81F00C8A0D6 /* SearchViewController.swift in Sources */ = {isa = PBXBuildFile; fileRef = 5741112A22C9F81F00C8A0D6 /* SearchViewController.swift */; };
		5741112D22C9F82F00C8A0D6 /* Library.storyboard in Resources */ = {isa = PBXBuildFile; fileRef = 5741112C22C9F82F00C8A0D6 /* Library.storyboard */; };
		5741112F22C9F83E00C8A0D6 /* LibraryViewController.swift in Sources */ = {isa = PBXBuildFile; fileRef = 5741112E22C9F83E00C8A0D6 /* LibraryViewController.swift */; };
		575A55DF22CC89E000A5E59A /* MyPageViewController.swift in Sources */ = {isa = PBXBuildFile; fileRef = 575A55DE22CC89E000A5E59A /* MyPageViewController.swift */; };
		575A55E322CC89F900A5E59A /* MyPage.storyboard in Resources */ = {isa = PBXBuildFile; fileRef = 575A55E222CC89F900A5E59A /* MyPage.storyboard */; };
		576CBB6222D6250000433AF5 /* HomeInfoView.xib in Resources */ = {isa = PBXBuildFile; fileRef = 576CBB6122D6250000433AF5 /* HomeInfoView.xib */; };
		576CBB6422D6251200433AF5 /* HomeInfoView.swift in Sources */ = {isa = PBXBuildFile; fileRef = 576CBB6322D6251200433AF5 /* HomeInfoView.swift */; };
		576CBB6622D6253800433AF5 /* Song.swift in Sources */ = {isa = PBXBuildFile; fileRef = 576CBB6522D6253800433AF5 /* Song.swift */; };
		576CBB6822D6256700433AF5 /* UIView+extension.swift in Sources */ = {isa = PBXBuildFile; fileRef = 576CBB6722D6256700433AF5 /* UIView+extension.swift */; };
		576CBB6A22D628BC00433AF5 /* TableViewCell.swift in Sources */ = {isa = PBXBuildFile; fileRef = 576CBB6922D628BC00433AF5 /* TableViewCell.swift */; };
		576CBB6C22D628E400433AF5 /* SmallSongCell.swift in Sources */ = {isa = PBXBuildFile; fileRef = 576CBB6B22D628E400433AF5 /* SmallSongCell.swift */; };
		576CBB7022D6292D00433AF5 /* BigSongCell.swift in Sources */ = {isa = PBXBuildFile; fileRef = 576CBB6F22D6292D00433AF5 /* BigSongCell.swift */; };
		576CBB7222D629AD00433AF5 /* GenreCell.swift in Sources */ = {isa = PBXBuildFile; fileRef = 576CBB7122D629AD00433AF5 /* GenreCell.swift */; };
		576CBB7422D62AB000433AF5 /* CollectionContainerCell.swift in Sources */ = {isa = PBXBuildFile; fileRef = 576CBB7322D62AB000433AF5 /* CollectionContainerCell.swift */; };
		576CBB7622D62BC000433AF5 /* UIImageView+extension.swift in Sources */ = {isa = PBXBuildFile; fileRef = 576CBB7522D62BBF00433AF5 /* UIImageView+extension.swift */; };
		576CBB7822D62EC500433AF5 /* PlayerView.swift in Sources */ = {isa = PBXBuildFile; fileRef = 576CBB7722D62EC500433AF5 /* PlayerView.swift */; };
		576CBB7A22D63C2400433AF5 /* PlayerContainerView.swift in Sources */ = {isa = PBXBuildFile; fileRef = 576CBB7922D63C2400433AF5 /* PlayerContainerView.swift */; };
		576CBB7C22D63C8E00433AF5 /* PlayerView.xib in Resources */ = {isa = PBXBuildFile; fileRef = 576CBB7B22D63C8E00433AF5 /* PlayerView.xib */; };
		576CBB7E22D64D7600433AF5 /* SeekBar.swift in Sources */ = {isa = PBXBuildFile; fileRef = 576CBB7D22D64D7600433AF5 /* SeekBar.swift */; };
		576CBB8022D6517F00433AF5 /* UIDevice+extension.swift in Sources */ = {isa = PBXBuildFile; fileRef = 576CBB7F22D6517E00433AF5 /* UIDevice+extension.swift */; };
		576CBB8222D6E73F00433AF5 /* PlayerViewDelegate.swift in Sources */ = {isa = PBXBuildFile; fileRef = 576CBB8122D6E73F00433AF5 /* PlayerViewDelegate.swift */; };
		5770F5D322CF6F8D003E979A /* Wave.swift in Sources */ = {isa = PBXBuildFile; fileRef = 5770F5D222CF6F8D003E979A /* Wave.swift */; };
		5770F5DC22CF9543003E979A /* TransitionType.swift in Sources */ = {isa = PBXBuildFile; fileRef = 5770F5DB22CF9543003E979A /* TransitionType.swift */; };
		5770F5DE22CF9555003E979A /* CustomAnimator.swift in Sources */ = {isa = PBXBuildFile; fileRef = 5770F5DD22CF9555003E979A /* CustomAnimator.swift */; };
		5770F5E022CF9570003E979A /* PushAnimator.swift in Sources */ = {isa = PBXBuildFile; fileRef = 5770F5DF22CF9570003E979A /* PushAnimator.swift */; };
		5770F5E222CF958E003E979A /* PopAnimator.swift in Sources */ = {isa = PBXBuildFile; fileRef = 5770F5E122CF958E003E979A /* PopAnimator.swift */; };
		5770F5E422CF95A7003E979A /* LeftEdgeInteractionController.swift in Sources */ = {isa = PBXBuildFile; fileRef = 5770F5E322CF95A7003E979A /* LeftEdgeInteractionController.swift */; };
		5770F5E622CF97A3003E979A /* ViewController.swift in Sources */ = {isa = PBXBuildFile; fileRef = 5770F5E522CF97A3003E979A /* ViewController.swift */; };
		5770F60422D11C04003E979A /* MenuBarDelegate.swift in Sources */ = {isa = PBXBuildFile; fileRef = 5770F60322D11C04003E979A /* MenuBarDelegate.swift */; };
		5770F60622D11C1A003E979A /* MenuBar.swift in Sources */ = {isa = PBXBuildFile; fileRef = 5770F60522D11C1A003E979A /* MenuBar.swift */; };
		5770F60822D11CAC003E979A /* UIColor+extension.swift in Sources */ = {isa = PBXBuildFile; fileRef = 5770F60722D11CAC003E979A /* UIColor+extension.swift */; };
		5770F60A22D11CC8003E979A /* String+extension.swift in Sources */ = {isa = PBXBuildFile; fileRef = 5770F60922D11CC8003E979A /* String+extension.swift */; };
		5770F60C22D11CDA003E979A /* MenuCell.swift in Sources */ = {isa = PBXBuildFile; fileRef = 5770F60B22D11CDA003E979A /* MenuCell.swift */; };
		5770F61422D1CA32003E979A /* HorizontalSongCell.swift in Sources */ = {isa = PBXBuildFile; fileRef = 5770F61222D1CA32003E979A /* HorizontalSongCell.swift */; };
		5770F61522D1CA32003E979A /* HorizontalSongCell.xib in Resources */ = {isa = PBXBuildFile; fileRef = 5770F61322D1CA32003E979A /* HorizontalSongCell.xib */; };
		5770F61822D1DA24003E979A /* SongDetailDelegate.swift in Sources */ = {isa = PBXBuildFile; fileRef = 5770F61722D1DA24003E979A /* SongDetailDelegate.swift */; };
		57E77DEF22D25D82006100F3 /* NotoSansKR-Regular.otf in Resources */ = {isa = PBXBuildFile; fileRef = 5770F5E922D07CBE003E979A /* NotoSansKR-Regular.otf */; };
		57E77DF022D25D85006100F3 /* NotoSansKR-Bold.otf in Resources */ = {isa = PBXBuildFile; fileRef = 5770F5E822D07CBE003E979A /* NotoSansKR-Bold.otf */; };
		57FA908822D4387C0037BDB4 /* TableContainerCell.swift in Sources */ = {isa = PBXBuildFile; fileRef = 57FA908722D4387C0037BDB4 /* TableContainerCell.swift */; };
		57FA908A22D43E760037BDB4 /* CollectionViewCell.swift in Sources */ = {isa = PBXBuildFile; fileRef = 57FA908922D43E760037BDB4 /* CollectionViewCell.swift */; };
		57FA908F22D4422F0037BDB4 /* PlayListCell.swift in Sources */ = {isa = PBXBuildFile; fileRef = 57FA908D22D4422F0037BDB4 /* PlayListCell.swift */; };
		57FA909022D4422F0037BDB4 /* PlayListCell.xib in Resources */ = {isa = PBXBuildFile; fileRef = 57FA908E22D4422F0037BDB4 /* PlayListCell.xib */; };
		68D9D02822D08D1B00725BD7 /* SearchTableViewCell.swift in Sources */ = {isa = PBXBuildFile; fileRef = 68D9D02722D08D1B00725BD7 /* SearchTableViewCell.swift */; };
		68D9D02B22D1CEA600725BD7 /* HeaderCell.swift in Sources */ = {isa = PBXBuildFile; fileRef = 68D9D02922D1CEA500725BD7 /* HeaderCell.swift */; };
		68D9D02C22D1CEA600725BD7 /* HeaderCell.xib in Resources */ = {isa = PBXBuildFile; fileRef = 68D9D02A22D1CEA500725BD7 /* HeaderCell.xib */; };
		68F5D25C22D6F55A00075C80 /* EmailSignUpViewController.swift in Sources */ = {isa = PBXBuildFile; fileRef = 68F5D25B22D6F55A00075C80 /* EmailSignUpViewController.swift */; };
		68F5D25E22D6F57200075C80 /* LoginViewController.swift in Sources */ = {isa = PBXBuildFile; fileRef = 68F5D25D22D6F57200075C80 /* LoginViewController.swift */; };
		68F5D26022D6F58100075C80 /* SignViewController.swift in Sources */ = {isa = PBXBuildFile; fileRef = 68F5D25F22D6F58100075C80 /* SignViewController.swift */; };
		68F5D26322D6F5FD00075C80 /* ArtistViewController.swift in Sources */ = {isa = PBXBuildFile; fileRef = 68F5D26222D6F5FD00075C80 /* ArtistViewController.swift */; };
		68F5D26522D6F61000075C80 /* Artist.storyboard in Resources */ = {isa = PBXBuildFile; fileRef = 68F5D26422D6F61000075C80 /* Artist.storyboard */; };
/* End PBXBuildFile section */

/* Begin PBXFileReference section */
		57362A5322D77126003CB3CF /* wave_heart.json */ = {isa = PBXFileReference; fileEncoding = 4; lastKnownFileType = text.json; path = wave_heart.json; sourceTree = "<group>"; };
		57362A5522D77159003CB3CF /* backgroundEffect.mp4 */ = {isa = PBXFileReference; lastKnownFileType = file; path = backgroundEffect.mp4; sourceTree = "<group>"; };
		574110E322C9F14800C8A0D6 /* project-wave-iOS.app */ = {isa = PBXFileReference; explicitFileType = wrapper.application; includeInIndex = 0; path = "project-wave-iOS.app"; sourceTree = BUILT_PRODUCTS_DIR; };
		574110E622C9F14800C8A0D6 /* AppDelegate.swift */ = {isa = PBXFileReference; lastKnownFileType = sourcecode.swift; path = AppDelegate.swift; sourceTree = "<group>"; };
		574110ED22C9F14800C8A0D6 /* Assets.xcassets */ = {isa = PBXFileReference; lastKnownFileType = folder.assetcatalog; path = Assets.xcassets; sourceTree = "<group>"; };
		574110F022C9F14800C8A0D6 /* Base */ = {isa = PBXFileReference; lastKnownFileType = file.storyboard; name = Base; path = Base.lproj/LaunchScreen.storyboard; sourceTree = "<group>"; };
		574110F222C9F14800C8A0D6 /* Info.plist */ = {isa = PBXFileReference; lastKnownFileType = text.plist.xml; path = Info.plist; sourceTree = "<group>"; };
		5741110822C9F5FA00C8A0D6 /* Response.swift */ = {isa = PBXFileReference; lastKnownFileType = sourcecode.swift; path = Response.swift; sourceTree = "<group>"; };
		5741110B22C9F61500C8A0D6 /* WaveTargetType.swift */ = {isa = PBXFileReference; lastKnownFileType = sourcecode.swift; path = WaveTargetType.swift; sourceTree = "<group>"; };
		5741111022C9F64100C8A0D6 /* Splash.storyboard */ = {isa = PBXFileReference; lastKnownFileType = file.storyboard; path = Splash.storyboard; sourceTree = "<group>"; };
		5741111222C9F68000C8A0D6 /* SplashViewController.swift */ = {isa = PBXFileReference; lastKnownFileType = sourcecode.swift; path = SplashViewController.swift; sourceTree = "<group>"; };
		5741111422C9F69600C8A0D6 /* Intro.storyboard */ = {isa = PBXFileReference; lastKnownFileType = file.storyboard; path = Intro.storyboard; sourceTree = "<group>"; };
		5741111622C9F6A200C8A0D6 /* IntroViewController.swift */ = {isa = PBXFileReference; lastKnownFileType = sourcecode.swift; path = IntroViewController.swift; sourceTree = "<group>"; };
		5741111A22C9F6E300C8A0D6 /* Sign.storyboard */ = {isa = PBXFileReference; lastKnownFileType = file.storyboard; path = Sign.storyboard; sourceTree = "<group>"; };
		5741111C22C9F77B00C8A0D6 /* MainTab.storyboard */ = {isa = PBXFileReference; lastKnownFileType = file.storyboard; path = MainTab.storyboard; sourceTree = "<group>"; };
		5741111E22C9F7A900C8A0D6 /* MainTabBarController.swift */ = {isa = PBXFileReference; lastKnownFileType = sourcecode.swift; path = MainTabBarController.swift; sourceTree = "<group>"; };
		5741112022C9F7C100C8A0D6 /* Home.storyboard */ = {isa = PBXFileReference; lastKnownFileType = file.storyboard; path = Home.storyboard; sourceTree = "<group>"; };
		5741112222C9F7DB00C8A0D6 /* HomeViewController.swift */ = {isa = PBXFileReference; lastKnownFileType = sourcecode.swift; path = HomeViewController.swift; sourceTree = "<group>"; };
		5741112422C9F7EB00C8A0D6 /* Assess.storyboard */ = {isa = PBXFileReference; lastKnownFileType = file.storyboard; path = Assess.storyboard; sourceTree = "<group>"; };
		5741112622C9F7FF00C8A0D6 /* AssessViewController.swift */ = {isa = PBXFileReference; lastKnownFileType = sourcecode.swift; path = AssessViewController.swift; sourceTree = "<group>"; };
		5741112822C9F81200C8A0D6 /* Search.storyboard */ = {isa = PBXFileReference; lastKnownFileType = file.storyboard; path = Search.storyboard; sourceTree = "<group>"; };
		5741112A22C9F81F00C8A0D6 /* SearchViewController.swift */ = {isa = PBXFileReference; lastKnownFileType = sourcecode.swift; path = SearchViewController.swift; sourceTree = "<group>"; };
		5741112C22C9F82F00C8A0D6 /* Library.storyboard */ = {isa = PBXFileReference; lastKnownFileType = file.storyboard; path = Library.storyboard; sourceTree = "<group>"; };
		5741112E22C9F83E00C8A0D6 /* LibraryViewController.swift */ = {isa = PBXFileReference; lastKnownFileType = sourcecode.swift; path = LibraryViewController.swift; sourceTree = "<group>"; };
		575A55DE22CC89E000A5E59A /* MyPageViewController.swift */ = {isa = PBXFileReference; lastKnownFileType = sourcecode.swift; path = MyPageViewController.swift; sourceTree = "<group>"; };
		575A55E222CC89F900A5E59A /* MyPage.storyboard */ = {isa = PBXFileReference; lastKnownFileType = file.storyboard; path = MyPage.storyboard; sourceTree = "<group>"; };
		576CBB6122D6250000433AF5 /* HomeInfoView.xib */ = {isa = PBXFileReference; fileEncoding = 4; lastKnownFileType = file.xib; path = HomeInfoView.xib; sourceTree = "<group>"; };
		576CBB6322D6251200433AF5 /* HomeInfoView.swift */ = {isa = PBXFileReference; fileEncoding = 4; lastKnownFileType = sourcecode.swift; path = HomeInfoView.swift; sourceTree = "<group>"; };
		576CBB6522D6253800433AF5 /* Song.swift */ = {isa = PBXFileReference; fileEncoding = 4; lastKnownFileType = sourcecode.swift; path = Song.swift; sourceTree = "<group>"; };
		576CBB6722D6256700433AF5 /* UIView+extension.swift */ = {isa = PBXFileReference; fileEncoding = 4; lastKnownFileType = sourcecode.swift; path = "UIView+extension.swift"; sourceTree = "<group>"; };
		576CBB6922D628BC00433AF5 /* TableViewCell.swift */ = {isa = PBXFileReference; lastKnownFileType = sourcecode.swift; path = TableViewCell.swift; sourceTree = "<group>"; };
		576CBB6B22D628E400433AF5 /* SmallSongCell.swift */ = {isa = PBXFileReference; lastKnownFileType = sourcecode.swift; path = SmallSongCell.swift; sourceTree = "<group>"; };
		576CBB6F22D6292D00433AF5 /* BigSongCell.swift */ = {isa = PBXFileReference; lastKnownFileType = sourcecode.swift; path = BigSongCell.swift; sourceTree = "<group>"; };
		576CBB7122D629AD00433AF5 /* GenreCell.swift */ = {isa = PBXFileReference; lastKnownFileType = sourcecode.swift; path = GenreCell.swift; sourceTree = "<group>"; };
		576CBB7322D62AB000433AF5 /* CollectionContainerCell.swift */ = {isa = PBXFileReference; lastKnownFileType = sourcecode.swift; path = CollectionContainerCell.swift; sourceTree = "<group>"; };
		576CBB7522D62BBF00433AF5 /* UIImageView+extension.swift */ = {isa = PBXFileReference; lastKnownFileType = sourcecode.swift; path = "UIImageView+extension.swift"; sourceTree = "<group>"; };
		576CBB7722D62EC500433AF5 /* PlayerView.swift */ = {isa = PBXFileReference; lastKnownFileType = sourcecode.swift; path = PlayerView.swift; sourceTree = "<group>"; };
		576CBB7922D63C2400433AF5 /* PlayerContainerView.swift */ = {isa = PBXFileReference; lastKnownFileType = sourcecode.swift; path = PlayerContainerView.swift; sourceTree = "<group>"; };
		576CBB7B22D63C8E00433AF5 /* PlayerView.xib */ = {isa = PBXFileReference; lastKnownFileType = file.xib; path = PlayerView.xib; sourceTree = "<group>"; };
		576CBB7D22D64D7600433AF5 /* SeekBar.swift */ = {isa = PBXFileReference; lastKnownFileType = sourcecode.swift; path = SeekBar.swift; sourceTree = "<group>"; };
		576CBB7F22D6517E00433AF5 /* UIDevice+extension.swift */ = {isa = PBXFileReference; lastKnownFileType = sourcecode.swift; path = "UIDevice+extension.swift"; sourceTree = "<group>"; };
		576CBB8122D6E73F00433AF5 /* PlayerViewDelegate.swift */ = {isa = PBXFileReference; lastKnownFileType = sourcecode.swift; path = PlayerViewDelegate.swift; sourceTree = "<group>"; };
		5770F5D222CF6F8D003E979A /* Wave.swift */ = {isa = PBXFileReference; lastKnownFileType = sourcecode.swift; path = Wave.swift; sourceTree = "<group>"; };
		5770F5DB22CF9543003E979A /* TransitionType.swift */ = {isa = PBXFileReference; lastKnownFileType = sourcecode.swift; path = TransitionType.swift; sourceTree = "<group>"; };
		5770F5DD22CF9555003E979A /* CustomAnimator.swift */ = {isa = PBXFileReference; lastKnownFileType = sourcecode.swift; path = CustomAnimator.swift; sourceTree = "<group>"; };
		5770F5DF22CF9570003E979A /* PushAnimator.swift */ = {isa = PBXFileReference; lastKnownFileType = sourcecode.swift; path = PushAnimator.swift; sourceTree = "<group>"; };
		5770F5E122CF958E003E979A /* PopAnimator.swift */ = {isa = PBXFileReference; lastKnownFileType = sourcecode.swift; path = PopAnimator.swift; sourceTree = "<group>"; };
		5770F5E322CF95A7003E979A /* LeftEdgeInteractionController.swift */ = {isa = PBXFileReference; lastKnownFileType = sourcecode.swift; path = LeftEdgeInteractionController.swift; sourceTree = "<group>"; };
		5770F5E522CF97A3003E979A /* ViewController.swift */ = {isa = PBXFileReference; lastKnownFileType = sourcecode.swift; path = ViewController.swift; sourceTree = "<group>"; };
		5770F5E822D07CBE003E979A /* NotoSansKR-Bold.otf */ = {isa = PBXFileReference; lastKnownFileType = file; path = "NotoSansKR-Bold.otf"; sourceTree = "<group>"; };
		5770F5E922D07CBE003E979A /* NotoSansKR-Regular.otf */ = {isa = PBXFileReference; lastKnownFileType = file; path = "NotoSansKR-Regular.otf"; sourceTree = "<group>"; };
		5770F60322D11C04003E979A /* MenuBarDelegate.swift */ = {isa = PBXFileReference; lastKnownFileType = sourcecode.swift; path = MenuBarDelegate.swift; sourceTree = "<group>"; };
		5770F60522D11C1A003E979A /* MenuBar.swift */ = {isa = PBXFileReference; lastKnownFileType = sourcecode.swift; path = MenuBar.swift; sourceTree = "<group>"; };
		5770F60722D11CAC003E979A /* UIColor+extension.swift */ = {isa = PBXFileReference; lastKnownFileType = sourcecode.swift; path = "UIColor+extension.swift"; sourceTree = "<group>"; };
		5770F60922D11CC8003E979A /* String+extension.swift */ = {isa = PBXFileReference; lastKnownFileType = sourcecode.swift; path = "String+extension.swift"; sourceTree = "<group>"; };
		5770F60B22D11CDA003E979A /* MenuCell.swift */ = {isa = PBXFileReference; lastKnownFileType = sourcecode.swift; path = MenuCell.swift; sourceTree = "<group>"; };
		5770F61222D1CA32003E979A /* HorizontalSongCell.swift */ = {isa = PBXFileReference; lastKnownFileType = sourcecode.swift; path = HorizontalSongCell.swift; sourceTree = "<group>"; };
		5770F61322D1CA32003E979A /* HorizontalSongCell.xib */ = {isa = PBXFileReference; lastKnownFileType = file.xib; path = HorizontalSongCell.xib; sourceTree = "<group>"; };
		5770F61722D1DA24003E979A /* SongDetailDelegate.swift */ = {isa = PBXFileReference; lastKnownFileType = sourcecode.swift; path = SongDetailDelegate.swift; sourceTree = "<group>"; };
		57FA908722D4387C0037BDB4 /* TableContainerCell.swift */ = {isa = PBXFileReference; lastKnownFileType = sourcecode.swift; path = TableContainerCell.swift; sourceTree = "<group>"; };
		57FA908922D43E760037BDB4 /* CollectionViewCell.swift */ = {isa = PBXFileReference; lastKnownFileType = sourcecode.swift; path = CollectionViewCell.swift; sourceTree = "<group>"; };
		57FA908D22D4422F0037BDB4 /* PlayListCell.swift */ = {isa = PBXFileReference; lastKnownFileType = sourcecode.swift; path = PlayListCell.swift; sourceTree = "<group>"; };
		57FA908E22D4422F0037BDB4 /* PlayListCell.xib */ = {isa = PBXFileReference; lastKnownFileType = file.xib; path = PlayListCell.xib; sourceTree = "<group>"; };
		589F5EC44A0FB69DB418DBAA /* Pods-project-wave-iOS.release.xcconfig */ = {isa = PBXFileReference; includeInIndex = 1; lastKnownFileType = text.xcconfig; name = "Pods-project-wave-iOS.release.xcconfig"; path = "Pods/Target Support Files/Pods-project-wave-iOS/Pods-project-wave-iOS.release.xcconfig"; sourceTree = "<group>"; };
		5C3102486117ADB1223F7D89 /* Pods_project_wave_iOS.framework */ = {isa = PBXFileReference; explicitFileType = wrapper.framework; includeInIndex = 0; path = Pods_project_wave_iOS.framework; sourceTree = BUILT_PRODUCTS_DIR; };
		68D9D02722D08D1B00725BD7 /* SearchTableViewCell.swift */ = {isa = PBXFileReference; lastKnownFileType = sourcecode.swift; path = SearchTableViewCell.swift; sourceTree = "<group>"; };
		68D9D02922D1CEA500725BD7 /* HeaderCell.swift */ = {isa = PBXFileReference; lastKnownFileType = sourcecode.swift; path = HeaderCell.swift; sourceTree = "<group>"; };
		68D9D02A22D1CEA500725BD7 /* HeaderCell.xib */ = {isa = PBXFileReference; lastKnownFileType = file.xib; path = HeaderCell.xib; sourceTree = "<group>"; };
		68F5D25B22D6F55A00075C80 /* EmailSignUpViewController.swift */ = {isa = PBXFileReference; lastKnownFileType = sourcecode.swift; path = EmailSignUpViewController.swift; sourceTree = "<group>"; };
		68F5D25D22D6F57200075C80 /* LoginViewController.swift */ = {isa = PBXFileReference; lastKnownFileType = sourcecode.swift; path = LoginViewController.swift; sourceTree = "<group>"; };
		68F5D25F22D6F58100075C80 /* SignViewController.swift */ = {isa = PBXFileReference; lastKnownFileType = sourcecode.swift; path = SignViewController.swift; sourceTree = "<group>"; };
		68F5D26222D6F5FD00075C80 /* ArtistViewController.swift */ = {isa = PBXFileReference; lastKnownFileType = sourcecode.swift; path = ArtistViewController.swift; sourceTree = "<group>"; };
		68F5D26422D6F61000075C80 /* Artist.storyboard */ = {isa = PBXFileReference; lastKnownFileType = file.storyboard; path = Artist.storyboard; sourceTree = "<group>"; };
		E3B8D8CFC3EC415BDD2FA88A /* Pods-project-wave-iOS.debug.xcconfig */ = {isa = PBXFileReference; includeInIndex = 1; lastKnownFileType = text.xcconfig; name = "Pods-project-wave-iOS.debug.xcconfig"; path = "Pods/Target Support Files/Pods-project-wave-iOS/Pods-project-wave-iOS.debug.xcconfig"; sourceTree = "<group>"; };
/* End PBXFileReference section */

/* Begin PBXFrameworksBuildPhase section */
		574110E022C9F14800C8A0D6 /* Frameworks */ = {
			isa = PBXFrameworksBuildPhase;
			buildActionMask = 2147483647;
			files = (
				16C65E130F3C49563696672D /* Pods_project_wave_iOS.framework in Frameworks */,
			);
			runOnlyForDeploymentPostprocessing = 0;
		};
/* End PBXFrameworksBuildPhase section */

/* Begin PBXGroup section */
		36B9C6F700F7A440A83947D2 /* Frameworks */ = {
			isa = PBXGroup;
			children = (
				5C3102486117ADB1223F7D89 /* Pods_project_wave_iOS.framework */,
			);
			name = Frameworks;
			sourceTree = "<group>";
		};
		3C37D6B0877DCF4C74EE2176 /* Pods */ = {
			isa = PBXGroup;
			children = (
				E3B8D8CFC3EC415BDD2FA88A /* Pods-project-wave-iOS.debug.xcconfig */,
				589F5EC44A0FB69DB418DBAA /* Pods-project-wave-iOS.release.xcconfig */,
			);
			name = Pods;
			sourceTree = "<group>";
		};
		57362A5022D7674E003CB3CF /* Effect */ = {
			isa = PBXGroup;
			children = (
				57362A5522D77159003CB3CF /* backgroundEffect.mp4 */,
				57362A5322D77126003CB3CF /* wave_heart.json */,
			);
			path = Effect;
			sourceTree = "<group>";
		};
		574110DA22C9F14800C8A0D6 = {
			isa = PBXGroup;
			children = (
				574110E522C9F14800C8A0D6 /* project-wave-iOS */,
				574110E422C9F14800C8A0D6 /* Products */,
				3C37D6B0877DCF4C74EE2176 /* Pods */,
				36B9C6F700F7A440A83947D2 /* Frameworks */,
			);
			sourceTree = "<group>";
		};
		574110E422C9F14800C8A0D6 /* Products */ = {
			isa = PBXGroup;
			children = (
				574110E322C9F14800C8A0D6 /* project-wave-iOS.app */,
			);
			name = Products;
			sourceTree = "<group>";
		};
		574110E522C9F14800C8A0D6 /* project-wave-iOS */ = {
			isa = PBXGroup;
			children = (
				574110FD22C9F44200C8A0D6 /* Sources */,
				574110F822C9F42B00C8A0D6 /* Resources */,
			);
			path = "project-wave-iOS";
			sourceTree = "<group>";
		};
		574110F822C9F42B00C8A0D6 /* Resources */ = {
			isa = PBXGroup;
			children = (
				57362A5022D7674E003CB3CF /* Effect */,
				5770F5E722D07CAE003E979A /* Fonts */,
				574110F222C9F14800C8A0D6 /* Info.plist */,
				574110ED22C9F14800C8A0D6 /* Assets.xcassets */,
				574110EF22C9F14800C8A0D6 /* LaunchScreen.storyboard */,
				5770F5D222CF6F8D003E979A /* Wave.swift */,
			);
			path = Resources;
			sourceTree = "<group>";
		};
		574110F922C9F43600C8A0D6 /* Common */ = {
			isa = PBXGroup;
			children = (
				5770F5E522CF97A3003E979A /* ViewController.swift */,
				5770F5D822CF9509003E979A /* Transition */,
				5770F60222D11BE1003E979A /* MenuBar */,
				5770F61122D1CA12003E979A /* Cells */,
				57FA907322D322830037BDB4 /* DataSources */,
				5770F61622D1D963003E979A /* Protocols */,
			);
			path = Common;
			sourceTree = "<group>";
		};
		574110FA22C9F43800C8A0D6 /* Module */ = {
			isa = PBXGroup;
			children = (
				5741110522C9F56100C8A0D6 /* Splash */,
				5741110422C9F56000C8A0D6 /* Intro */,
				5741110322C9F55E00C8A0D6 /* Sign */,
				5741110222C9F55D00C8A0D6 /* MainTab */,
				5741110122C9F55C00C8A0D6 /* Home */,
				5741110022C9F55B00C8A0D6 /* Assess */,
				574110FF22C9F55800C8A0D6 /* Search */,
				5741110722C9F5C600C8A0D6 /* Library */,
				575A55DD22CC893E00A5E59A /* MyPage */,
				68F5D26122D6F5BF00075C80 /* Artist */,
			);
			path = Module;
			sourceTree = "<group>";
		};
		574110FB22C9F43A00C8A0D6 /* Extension */ = {
			isa = PBXGroup;
			children = (
				576CBB6722D6256700433AF5 /* UIView+extension.swift */,
				5770F60722D11CAC003E979A /* UIColor+extension.swift */,
				5770F60922D11CC8003E979A /* String+extension.swift */,
				576CBB7522D62BBF00433AF5 /* UIImageView+extension.swift */,
				576CBB7F22D6517E00433AF5 /* UIDevice+extension.swift */,
			);
			path = Extension;
			sourceTree = "<group>";
		};
		574110FC22C9F44000C8A0D6 /* Networking */ = {
			isa = PBXGroup;
			children = (
				5741110B22C9F61500C8A0D6 /* WaveTargetType.swift */,
			);
			path = Networking;
			sourceTree = "<group>";
		};
		574110FD22C9F44200C8A0D6 /* Sources */ = {
			isa = PBXGroup;
			children = (
				574110E622C9F14800C8A0D6 /* AppDelegate.swift */,
				574110FE22C9F4AA00C8A0D6 /* Models */,
				574110FC22C9F44000C8A0D6 /* Networking */,
				574110FB22C9F43A00C8A0D6 /* Extension */,
				574110F922C9F43600C8A0D6 /* Common */,
				574110FA22C9F43800C8A0D6 /* Module */,
			);
			path = Sources;
			sourceTree = "<group>";
		};
		574110FE22C9F4AA00C8A0D6 /* Models */ = {
			isa = PBXGroup;
			children = (
				576CBB6522D6253800433AF5 /* Song.swift */,
				5741110822C9F5FA00C8A0D6 /* Response.swift */,
			);
			path = Models;
			sourceTree = "<group>";
		};
		574110FF22C9F55800C8A0D6 /* Search */ = {
			isa = PBXGroup;
			children = (
				5741112822C9F81200C8A0D6 /* Search.storyboard */,
				68D9D02722D08D1B00725BD7 /* SearchTableViewCell.swift */,
				5741112A22C9F81F00C8A0D6 /* SearchViewController.swift */,
			);
			path = Search;
			sourceTree = "<group>";
		};
		5741110022C9F55B00C8A0D6 /* Assess */ = {
			isa = PBXGroup;
			children = (
				5741112422C9F7EB00C8A0D6 /* Assess.storyboard */,
				5741112622C9F7FF00C8A0D6 /* AssessViewController.swift */,
			);
			path = Assess;
			sourceTree = "<group>";
		};
		5741110122C9F55C00C8A0D6 /* Home */ = {
			isa = PBXGroup;
			children = (
				576CBB6322D6251200433AF5 /* HomeInfoView.swift */,
				576CBB6122D6250000433AF5 /* HomeInfoView.xib */,
				5741112022C9F7C100C8A0D6 /* Home.storyboard */,
				5741112222C9F7DB00C8A0D6 /* HomeViewController.swift */,
			);
			path = Home;
			sourceTree = "<group>";
		};
		5741110222C9F55D00C8A0D6 /* MainTab */ = {
			isa = PBXGroup;
			children = (
				5741111C22C9F77B00C8A0D6 /* MainTab.storyboard */,
				5741111E22C9F7A900C8A0D6 /* MainTabBarController.swift */,
				576CBB7922D63C2400433AF5 /* PlayerContainerView.swift */,
				576CBB7722D62EC500433AF5 /* PlayerView.swift */,
				576CBB7B22D63C8E00433AF5 /* PlayerView.xib */,
				576CBB7D22D64D7600433AF5 /* SeekBar.swift */,
			);
			path = MainTab;
			sourceTree = "<group>";
		};
		5741110322C9F55E00C8A0D6 /* Sign */ = {
			isa = PBXGroup;
			children = (
				5741111A22C9F6E300C8A0D6 /* Sign.storyboard */,
				68F5D25B22D6F55A00075C80 /* EmailSignUpViewController.swift */,
				68F5D25D22D6F57200075C80 /* LoginViewController.swift */,
				68F5D25F22D6F58100075C80 /* SignViewController.swift */,
			);
			path = Sign;
			sourceTree = "<group>";
		};
		5741110422C9F56000C8A0D6 /* Intro */ = {
			isa = PBXGroup;
			children = (
				5741111422C9F69600C8A0D6 /* Intro.storyboard */,
				5741111622C9F6A200C8A0D6 /* IntroViewController.swift */,
			);
			path = Intro;
			sourceTree = "<group>";
		};
		5741110522C9F56100C8A0D6 /* Splash */ = {
			isa = PBXGroup;
			children = (
				5741111022C9F64100C8A0D6 /* Splash.storyboard */,
				5741111222C9F68000C8A0D6 /* SplashViewController.swift */,
			);
			path = Splash;
			sourceTree = "<group>";
		};
		5741110722C9F5C600C8A0D6 /* Library */ = {
			isa = PBXGroup;
			children = (
				5741112C22C9F82F00C8A0D6 /* Library.storyboard */,
				5741112E22C9F83E00C8A0D6 /* LibraryViewController.swift */,
			);
			path = Library;
			sourceTree = "<group>";
		};
		575A55DD22CC893E00A5E59A /* MyPage */ = {
			isa = PBXGroup;
			children = (
				575A55E222CC89F900A5E59A /* MyPage.storyboard */,
				575A55DE22CC89E000A5E59A /* MyPageViewController.swift */,
			);
			path = MyPage;
			sourceTree = "<group>";
		};
		5770F5D822CF9509003E979A /* Transition */ = {
			isa = PBXGroup;
			children = (
				5770F5DA22CF9529003E979A /* Animators */,
				5770F5D922CF9519003E979A /* Interaction */,
			);
			path = Transition;
			sourceTree = "<group>";
		};
		5770F5D922CF9519003E979A /* Interaction */ = {
			isa = PBXGroup;
			children = (
				5770F5E322CF95A7003E979A /* LeftEdgeInteractionController.swift */,
			);
			path = Interaction;
			sourceTree = "<group>";
		};
		5770F5DA22CF9529003E979A /* Animators */ = {
			isa = PBXGroup;
			children = (
				5770F5DB22CF9543003E979A /* TransitionType.swift */,
				5770F5DD22CF9555003E979A /* CustomAnimator.swift */,
				5770F5DF22CF9570003E979A /* PushAnimator.swift */,
				5770F5E122CF958E003E979A /* PopAnimator.swift */,
			);
			path = Animators;
			sourceTree = "<group>";
		};
		5770F5E722D07CAE003E979A /* Fonts */ = {
			isa = PBXGroup;
			children = (
				5770F5E822D07CBE003E979A /* NotoSansKR-Bold.otf */,
				5770F5E922D07CBE003E979A /* NotoSansKR-Regular.otf */,
			);
			path = Fonts;
			sourceTree = "<group>";
		};
		5770F60222D11BE1003E979A /* MenuBar */ = {
			isa = PBXGroup;
			children = (
				5770F60322D11C04003E979A /* MenuBarDelegate.swift */,
				5770F60522D11C1A003E979A /* MenuBar.swift */,
				5770F60B22D11CDA003E979A /* MenuCell.swift */,
			);
			path = MenuBar;
			sourceTree = "<group>";
		};
		5770F61122D1CA12003E979A /* Cells */ = {
			isa = PBXGroup;
			children = (
				5770F61222D1CA32003E979A /* HorizontalSongCell.swift */,
				5770F61322D1CA32003E979A /* HorizontalSongCell.xib */,
				57FA908D22D4422F0037BDB4 /* PlayListCell.swift */,
				57FA908E22D4422F0037BDB4 /* PlayListCell.xib */,
				68D9D02922D1CEA500725BD7 /* HeaderCell.swift */,
				68D9D02A22D1CEA500725BD7 /* HeaderCell.xib */,
				57FA908722D4387C0037BDB4 /* TableContainerCell.swift */,
				576CBB7322D62AB000433AF5 /* CollectionContainerCell.swift */,
				57FA908922D43E760037BDB4 /* CollectionViewCell.swift */,
				576CBB6922D628BC00433AF5 /* TableViewCell.swift */,
				576CBB6B22D628E400433AF5 /* SmallSongCell.swift */,
				576CBB6F22D6292D00433AF5 /* BigSongCell.swift */,
				576CBB7122D629AD00433AF5 /* GenreCell.swift */,
			);
			path = Cells;
			sourceTree = "<group>";
		};
		5770F61622D1D963003E979A /* Protocols */ = {
			isa = PBXGroup;
			children = (
				5770F61722D1DA24003E979A /* SongDetailDelegate.swift */,
				576CBB8122D6E73F00433AF5 /* PlayerViewDelegate.swift */,
			);
			path = Protocols;
			sourceTree = "<group>";
		};
		57FA907322D322830037BDB4 /* DataSources */ = {
			isa = PBXGroup;
			children = (
			);
			path = DataSources;
			sourceTree = "<group>";
		};
		68F5D26122D6F5BF00075C80 /* Artist */ = {
			isa = PBXGroup;
			children = (
				68F5D26222D6F5FD00075C80 /* ArtistViewController.swift */,
				68F5D26422D6F61000075C80 /* Artist.storyboard */,
			);
			path = Artist;
			sourceTree = "<group>";
		};
/* End PBXGroup section */

/* Begin PBXNativeTarget section */
		574110E222C9F14800C8A0D6 /* project-wave-iOS */ = {
			isa = PBXNativeTarget;
			buildConfigurationList = 574110F522C9F14800C8A0D6 /* Build configuration list for PBXNativeTarget "project-wave-iOS" */;
			buildPhases = (
				D53840F552B79FFEC8C69937 /* [CP] Check Pods Manifest.lock */,
				574110DF22C9F14800C8A0D6 /* Sources */,
				574110E022C9F14800C8A0D6 /* Frameworks */,
				574110E122C9F14800C8A0D6 /* Resources */,
				EB7AC1DA89359EB8993B63D2 /* [CP] Embed Pods Frameworks */,
			);
			buildRules = (
			);
			dependencies = (
			);
			name = "project-wave-iOS";
			productName = "project-wave-iOS";
			productReference = 574110E322C9F14800C8A0D6 /* project-wave-iOS.app */;
			productType = "com.apple.product-type.application";
		};
/* End PBXNativeTarget section */

/* Begin PBXProject section */
		574110DB22C9F14800C8A0D6 /* Project object */ = {
			isa = PBXProject;
			attributes = {
				LastSwiftUpdateCheck = 1020;
				LastUpgradeCheck = 1020;
				ORGANIZATIONNAME = "WAVE-Lab";
				TargetAttributes = {
					574110E222C9F14800C8A0D6 = {
						CreatedOnToolsVersion = 10.2.1;
					};
				};
			};
			buildConfigurationList = 574110DE22C9F14800C8A0D6 /* Build configuration list for PBXProject "project-wave-iOS" */;
			compatibilityVersion = "Xcode 9.3";
			developmentRegion = en;
			hasScannedForEncodings = 0;
			knownRegions = (
				en,
				Base,
			);
			mainGroup = 574110DA22C9F14800C8A0D6;
			productRefGroup = 574110E422C9F14800C8A0D6 /* Products */;
			projectDirPath = "";
			projectRoot = "";
			targets = (
				574110E222C9F14800C8A0D6 /* project-wave-iOS */,
			);
		};
/* End PBXProject section */

/* Begin PBXResourcesBuildPhase section */
		574110E122C9F14800C8A0D6 /* Resources */ = {
			isa = PBXResourcesBuildPhase;
			buildActionMask = 2147483647;
			files = (
				5741112122C9F7C100C8A0D6 /* Home.storyboard in Resources */,
				574110F122C9F14800C8A0D6 /* LaunchScreen.storyboard in Resources */,
				5741112D22C9F82F00C8A0D6 /* Library.storyboard in Resources */,
				57FA909022D4422F0037BDB4 /* PlayListCell.xib in Resources */,
				5741112522C9F7EB00C8A0D6 /* Assess.storyboard in Resources */,
				57E77DF022D25D85006100F3 /* NotoSansKR-Bold.otf in Resources */,
				57E77DEF22D25D82006100F3 /* NotoSansKR-Regular.otf in Resources */,
				5741111D22C9F77B00C8A0D6 /* MainTab.storyboard in Resources */,
				5741112922C9F81200C8A0D6 /* Search.storyboard in Resources */,
				68F5D26522D6F61000075C80 /* Artist.storyboard in Resources */,
				575A55E322CC89F900A5E59A /* MyPage.storyboard in Resources */,
				574110EE22C9F14800C8A0D6 /* Assets.xcassets in Resources */,
				576CBB7C22D63C8E00433AF5 /* PlayerView.xib in Resources */,
				5741111122C9F64100C8A0D6 /* Splash.storyboard in Resources */,
				57362A5622D77159003CB3CF /* backgroundEffect.mp4 in Resources */,
				68D9D02C22D1CEA600725BD7 /* HeaderCell.xib in Resources */,
				576CBB6222D6250000433AF5 /* HomeInfoView.xib in Resources */,
				5741111B22C9F6E300C8A0D6 /* Sign.storyboard in Resources */,
				57362A5422D77126003CB3CF /* wave_heart.json in Resources */,
				5770F61522D1CA32003E979A /* HorizontalSongCell.xib in Resources */,
				5741111522C9F69600C8A0D6 /* Intro.storyboard in Resources */,
			);
			runOnlyForDeploymentPostprocessing = 0;
		};
/* End PBXResourcesBuildPhase section */

/* Begin PBXShellScriptBuildPhase section */
		D53840F552B79FFEC8C69937 /* [CP] Check Pods Manifest.lock */ = {
			isa = PBXShellScriptBuildPhase;
			buildActionMask = 2147483647;
			files = (
			);
			inputFileListPaths = (
			);
			inputPaths = (
				"${PODS_PODFILE_DIR_PATH}/Podfile.lock",
				"${PODS_ROOT}/Manifest.lock",
			);
			name = "[CP] Check Pods Manifest.lock";
			outputFileListPaths = (
			);
			outputPaths = (
				"$(DERIVED_FILE_DIR)/Pods-project-wave-iOS-checkManifestLockResult.txt",
			);
			runOnlyForDeploymentPostprocessing = 0;
			shellPath = /bin/sh;
			shellScript = "diff \"${PODS_PODFILE_DIR_PATH}/Podfile.lock\" \"${PODS_ROOT}/Manifest.lock\" > /dev/null\nif [ $? != 0 ] ; then\n    # print error to STDERR\n    echo \"error: The sandbox is not in sync with the Podfile.lock. Run 'pod install' or update your CocoaPods installation.\" >&2\n    exit 1\nfi\n# This output is used by Xcode 'outputs' to avoid re-running this script phase.\necho \"SUCCESS\" > \"${SCRIPT_OUTPUT_FILE_0}\"\n";
			showEnvVarsInLog = 0;
		};
		EB7AC1DA89359EB8993B63D2 /* [CP] Embed Pods Frameworks */ = {
			isa = PBXShellScriptBuildPhase;
			buildActionMask = 2147483647;
			files = (
			);
			inputFileListPaths = (
				"${PODS_ROOT}/Target Support Files/Pods-project-wave-iOS/Pods-project-wave-iOS-frameworks-${CONFIGURATION}-input-files.xcfilelist",
			);
			name = "[CP] Embed Pods Frameworks";
			outputFileListPaths = (
				"${PODS_ROOT}/Target Support Files/Pods-project-wave-iOS/Pods-project-wave-iOS-frameworks-${CONFIGURATION}-output-files.xcfilelist",
			);
			runOnlyForDeploymentPostprocessing = 0;
			shellPath = /bin/sh;
			shellScript = "\"${PODS_ROOT}/Target Support Files/Pods-project-wave-iOS/Pods-project-wave-iOS-frameworks.sh\"\n";
			showEnvVarsInLog = 0;
		};
/* End PBXShellScriptBuildPhase section */

/* Begin PBXSourcesBuildPhase section */
		574110DF22C9F14800C8A0D6 /* Sources */ = {
			isa = PBXSourcesBuildPhase;
			buildActionMask = 2147483647;
			files = (
				5741112B22C9F81F00C8A0D6 /* SearchViewController.swift in Sources */,
				576CBB7022D6292D00433AF5 /* BigSongCell.swift in Sources */,
				576CBB8222D6E73F00433AF5 /* PlayerViewDelegate.swift in Sources */,
				5770F5E622CF97A3003E979A /* ViewController.swift in Sources */,
				576CBB7822D62EC500433AF5 /* PlayerView.swift in Sources */,
				57FA908822D4387C0037BDB4 /* TableContainerCell.swift in Sources */,
				68F5D26322D6F5FD00075C80 /* ArtistViewController.swift in Sources */,
				5741112F22C9F83E00C8A0D6 /* LibraryViewController.swift in Sources */,
				5770F5DC22CF9543003E979A /* TransitionType.swift in Sources */,
				576CBB7A22D63C2400433AF5 /* PlayerContainerView.swift in Sources */,
				576CBB7222D629AD00433AF5 /* GenreCell.swift in Sources */,
				68D9D02B22D1CEA600725BD7 /* HeaderCell.swift in Sources */,
				68D9D02822D08D1B00725BD7 /* SearchTableViewCell.swift in Sources */,
				5770F60622D11C1A003E979A /* MenuBar.swift in Sources */,
				5770F60422D11C04003E979A /* MenuBarDelegate.swift in Sources */,
				5770F5E422CF95A7003E979A /* LeftEdgeInteractionController.swift in Sources */,
				5770F60C22D11CDA003E979A /* MenuCell.swift in Sources */,
				5741110922C9F5FA00C8A0D6 /* Response.swift in Sources */,
				68F5D25E22D6F57200075C80 /* LoginViewController.swift in Sources */,
				5770F5D322CF6F8D003E979A /* Wave.swift in Sources */,
				574110E722C9F14800C8A0D6 /* AppDelegate.swift in Sources */,
				576CBB6C22D628E400433AF5 /* SmallSongCell.swift in Sources */,
				5741112322C9F7DB00C8A0D6 /* HomeViewController.swift in Sources */,
				68F5D25C22D6F55A00075C80 /* EmailSignUpViewController.swift in Sources */,
				5770F61422D1CA32003E979A /* HorizontalSongCell.swift in Sources */,
				576CBB7622D62BC000433AF5 /* UIImageView+extension.swift in Sources */,
				5770F5E022CF9570003E979A /* PushAnimator.swift in Sources */,
				5770F5DE22CF9555003E979A /* CustomAnimator.swift in Sources */,
				575A55DF22CC89E000A5E59A /* MyPageViewController.swift in Sources */,
				576CBB6422D6251200433AF5 /* HomeInfoView.swift in Sources */,
				576CBB7422D62AB000433AF5 /* CollectionContainerCell.swift in Sources */,
				5741111F22C9F7A900C8A0D6 /* MainTabBarController.swift in Sources */,
				576CBB6822D6256700433AF5 /* UIView+extension.swift in Sources */,
				5770F5E222CF958E003E979A /* PopAnimator.swift in Sources */,
				5770F60A22D11CC8003E979A /* String+extension.swift in Sources */,
				5741111722C9F6A200C8A0D6 /* IntroViewController.swift in Sources */,
				68F5D26022D6F58100075C80 /* SignViewController.swift in Sources */,
				5741112722C9F7FF00C8A0D6 /* AssessViewController.swift in Sources */,
				5770F61822D1DA24003E979A /* SongDetailDelegate.swift in Sources */,
				5770F60822D11CAC003E979A /* UIColor+extension.swift in Sources */,
				57FA908A22D43E760037BDB4 /* CollectionViewCell.swift in Sources */,
				576CBB6622D6253800433AF5 /* Song.swift in Sources */,
				5741110C22C9F61500C8A0D6 /* WaveTargetType.swift in Sources */,
				576CBB6A22D628BC00433AF5 /* TableViewCell.swift in Sources */,
				576CBB7E22D64D7600433AF5 /* SeekBar.swift in Sources */,
				5741111322C9F68000C8A0D6 /* SplashViewController.swift in Sources */,
				57FA908F22D4422F0037BDB4 /* PlayListCell.swift in Sources */,
				576CBB8022D6517F00433AF5 /* UIDevice+extension.swift in Sources */,
			);
			runOnlyForDeploymentPostprocessing = 0;
		};
/* End PBXSourcesBuildPhase section */

/* Begin PBXVariantGroup section */
		574110EF22C9F14800C8A0D6 /* LaunchScreen.storyboard */ = {
			isa = PBXVariantGroup;
			children = (
				574110F022C9F14800C8A0D6 /* Base */,
			);
			name = LaunchScreen.storyboard;
			sourceTree = "<group>";
		};
/* End PBXVariantGroup section */

/* Begin XCBuildConfiguration section */
		574110F322C9F14800C8A0D6 /* Debug */ = {
			isa = XCBuildConfiguration;
			buildSettings = {
				ALWAYS_SEARCH_USER_PATHS = NO;
				CLANG_ANALYZER_NONNULL = YES;
				CLANG_ANALYZER_NUMBER_OBJECT_CONVERSION = YES_AGGRESSIVE;
				CLANG_CXX_LANGUAGE_STANDARD = "gnu++14";
				CLANG_CXX_LIBRARY = "libc++";
				CLANG_ENABLE_MODULES = YES;
				CLANG_ENABLE_OBJC_ARC = YES;
				CLANG_ENABLE_OBJC_WEAK = YES;
				CLANG_WARN_BLOCK_CAPTURE_AUTORELEASING = YES;
				CLANG_WARN_BOOL_CONVERSION = YES;
				CLANG_WARN_COMMA = YES;
				CLANG_WARN_CONSTANT_CONVERSION = YES;
				CLANG_WARN_DEPRECATED_OBJC_IMPLEMENTATIONS = YES;
				CLANG_WARN_DIRECT_OBJC_ISA_USAGE = YES_ERROR;
				CLANG_WARN_DOCUMENTATION_COMMENTS = YES;
				CLANG_WARN_EMPTY_BODY = YES;
				CLANG_WARN_ENUM_CONVERSION = YES;
				CLANG_WARN_INFINITE_RECURSION = YES;
				CLANG_WARN_INT_CONVERSION = YES;
				CLANG_WARN_NON_LITERAL_NULL_CONVERSION = YES;
				CLANG_WARN_OBJC_IMPLICIT_RETAIN_SELF = YES;
				CLANG_WARN_OBJC_LITERAL_CONVERSION = YES;
				CLANG_WARN_OBJC_ROOT_CLASS = YES_ERROR;
				CLANG_WARN_RANGE_LOOP_ANALYSIS = YES;
				CLANG_WARN_STRICT_PROTOTYPES = YES;
				CLANG_WARN_SUSPICIOUS_MOVE = YES;
				CLANG_WARN_UNGUARDED_AVAILABILITY = YES_AGGRESSIVE;
				CLANG_WARN_UNREACHABLE_CODE = YES;
				CLANG_WARN__DUPLICATE_METHOD_MATCH = YES;
				CODE_SIGN_IDENTITY = "iPhone Developer";
				COPY_PHASE_STRIP = NO;
				DEBUG_INFORMATION_FORMAT = dwarf;
				ENABLE_STRICT_OBJC_MSGSEND = YES;
				ENABLE_TESTABILITY = YES;
				GCC_C_LANGUAGE_STANDARD = gnu11;
				GCC_DYNAMIC_NO_PIC = NO;
				GCC_NO_COMMON_BLOCKS = YES;
				GCC_OPTIMIZATION_LEVEL = 0;
				GCC_PREPROCESSOR_DEFINITIONS = (
					"DEBUG=1",
					"$(inherited)",
				);
				GCC_WARN_64_TO_32_BIT_CONVERSION = YES;
				GCC_WARN_ABOUT_RETURN_TYPE = YES_ERROR;
				GCC_WARN_UNDECLARED_SELECTOR = YES;
				GCC_WARN_UNINITIALIZED_AUTOS = YES_AGGRESSIVE;
				GCC_WARN_UNUSED_FUNCTION = YES;
				GCC_WARN_UNUSED_VARIABLE = YES;
				IPHONEOS_DEPLOYMENT_TARGET = 12.2;
				MTL_ENABLE_DEBUG_INFO = INCLUDE_SOURCE;
				MTL_FAST_MATH = YES;
				ONLY_ACTIVE_ARCH = YES;
				SDKROOT = iphoneos;
				SWIFT_ACTIVE_COMPILATION_CONDITIONS = DEBUG;
				SWIFT_OPTIMIZATION_LEVEL = "-Onone";
			};
			name = Debug;
		};
		574110F422C9F14800C8A0D6 /* Release */ = {
			isa = XCBuildConfiguration;
			buildSettings = {
				ALWAYS_SEARCH_USER_PATHS = NO;
				CLANG_ANALYZER_NONNULL = YES;
				CLANG_ANALYZER_NUMBER_OBJECT_CONVERSION = YES_AGGRESSIVE;
				CLANG_CXX_LANGUAGE_STANDARD = "gnu++14";
				CLANG_CXX_LIBRARY = "libc++";
				CLANG_ENABLE_MODULES = YES;
				CLANG_ENABLE_OBJC_ARC = YES;
				CLANG_ENABLE_OBJC_WEAK = YES;
				CLANG_WARN_BLOCK_CAPTURE_AUTORELEASING = YES;
				CLANG_WARN_BOOL_CONVERSION = YES;
				CLANG_WARN_COMMA = YES;
				CLANG_WARN_CONSTANT_CONVERSION = YES;
				CLANG_WARN_DEPRECATED_OBJC_IMPLEMENTATIONS = YES;
				CLANG_WARN_DIRECT_OBJC_ISA_USAGE = YES_ERROR;
				CLANG_WARN_DOCUMENTATION_COMMENTS = YES;
				CLANG_WARN_EMPTY_BODY = YES;
				CLANG_WARN_ENUM_CONVERSION = YES;
				CLANG_WARN_INFINITE_RECURSION = YES;
				CLANG_WARN_INT_CONVERSION = YES;
				CLANG_WARN_NON_LITERAL_NULL_CONVERSION = YES;
				CLANG_WARN_OBJC_IMPLICIT_RETAIN_SELF = YES;
				CLANG_WARN_OBJC_LITERAL_CONVERSION = YES;
				CLANG_WARN_OBJC_ROOT_CLASS = YES_ERROR;
				CLANG_WARN_RANGE_LOOP_ANALYSIS = YES;
				CLANG_WARN_STRICT_PROTOTYPES = YES;
				CLANG_WARN_SUSPICIOUS_MOVE = YES;
				CLANG_WARN_UNGUARDED_AVAILABILITY = YES_AGGRESSIVE;
				CLANG_WARN_UNREACHABLE_CODE = YES;
				CLANG_WARN__DUPLICATE_METHOD_MATCH = YES;
				CODE_SIGN_IDENTITY = "iPhone Developer";
				COPY_PHASE_STRIP = NO;
				DEBUG_INFORMATION_FORMAT = "dwarf-with-dsym";
				ENABLE_NS_ASSERTIONS = NO;
				ENABLE_STRICT_OBJC_MSGSEND = YES;
				GCC_C_LANGUAGE_STANDARD = gnu11;
				GCC_NO_COMMON_BLOCKS = YES;
				GCC_WARN_64_TO_32_BIT_CONVERSION = YES;
				GCC_WARN_ABOUT_RETURN_TYPE = YES_ERROR;
				GCC_WARN_UNDECLARED_SELECTOR = YES;
				GCC_WARN_UNINITIALIZED_AUTOS = YES_AGGRESSIVE;
				GCC_WARN_UNUSED_FUNCTION = YES;
				GCC_WARN_UNUSED_VARIABLE = YES;
				IPHONEOS_DEPLOYMENT_TARGET = 12.2;
				MTL_ENABLE_DEBUG_INFO = NO;
				MTL_FAST_MATH = YES;
				SDKROOT = iphoneos;
				SWIFT_COMPILATION_MODE = wholemodule;
				SWIFT_OPTIMIZATION_LEVEL = "-O";
				VALIDATE_PRODUCT = YES;
			};
			name = Release;
		};
		574110F622C9F14800C8A0D6 /* Debug */ = {
			isa = XCBuildConfiguration;
			baseConfigurationReference = E3B8D8CFC3EC415BDD2FA88A /* Pods-project-wave-iOS.debug.xcconfig */;
			buildSettings = {
				ASSETCATALOG_COMPILER_APPICON_NAME = AppIcon;
				CODE_SIGN_STYLE = Automatic;
				INFOPLIST_FILE = "$(SRCROOT)/project-wave-iOS/Resources/Info.plist";
				LD_RUNPATH_SEARCH_PATHS = (
					"$(inherited)",
					"@executable_path/Frameworks",
				);
				PRODUCT_BUNDLE_IDENTIFIER = "com.WAVE-Lab.project-wave-iOS";
				PRODUCT_NAME = "$(TARGET_NAME)";
				SWIFT_VERSION = 5.0;
				TARGETED_DEVICE_FAMILY = "1,2";
			};
			name = Debug;
		};
		574110F722C9F14800C8A0D6 /* Release */ = {
			isa = XCBuildConfiguration;
			baseConfigurationReference = 589F5EC44A0FB69DB418DBAA /* Pods-project-wave-iOS.release.xcconfig */;
			buildSettings = {
				ASSETCATALOG_COMPILER_APPICON_NAME = AppIcon;
				CODE_SIGN_STYLE = Automatic;
				INFOPLIST_FILE = "$(SRCROOT)/project-wave-iOS/Resources/Info.plist";
				LD_RUNPATH_SEARCH_PATHS = (
					"$(inherited)",
					"@executable_path/Frameworks",
				);
				PRODUCT_BUNDLE_IDENTIFIER = "com.WAVE-Lab.project-wave-iOS";
				PRODUCT_NAME = "$(TARGET_NAME)";
				SWIFT_VERSION = 5.0;
				TARGETED_DEVICE_FAMILY = "1,2";
			};
			name = Release;
		};
/* End XCBuildConfiguration section */

/* Begin XCConfigurationList section */
		574110DE22C9F14800C8A0D6 /* Build configuration list for PBXProject "project-wave-iOS" */ = {
			isa = XCConfigurationList;
			buildConfigurations = (
				574110F322C9F14800C8A0D6 /* Debug */,
				574110F422C9F14800C8A0D6 /* Release */,
			);
			defaultConfigurationIsVisible = 0;
			defaultConfigurationName = Release;
		};
		574110F522C9F14800C8A0D6 /* Build configuration list for PBXNativeTarget "project-wave-iOS" */ = {
			isa = XCConfigurationList;
			buildConfigurations = (
				574110F622C9F14800C8A0D6 /* Debug */,
				574110F722C9F14800C8A0D6 /* Release */,
			);
			defaultConfigurationIsVisible = 0;
			defaultConfigurationName = Release;
		};
/* End XCConfigurationList section */
	};
	rootObject = 574110DB22C9F14800C8A0D6 /* Project object */;
}
